
Microsoft Visual Studio Solution File, Format Version 12.00
# Visual Studio 14
VisualStudioVersion = 14.0.25420.1
MinimumVisualStudioVersion = 10.0.40219.1
Project("{2150E333-8FDC-42A3-9474-1A3956D46DE8}") = "Solution Items", "Solution Items", "{5E1F295D-C527-42EA-A486-DDBD2A1F9CB7}"
	ProjectSection(SolutionItems) = preProject
		LICENSE.txt = LICENSE.txt
		README.md = README.md
	EndProjectSection
EndProject
Project("{FAE04EC0-301F-11D3-BF4B-00C04F79EFBC}") = "StompNet", "StompNet\StompNet.csproj", "{2BE5619B-B63B-4583-B434-371C925FE18C}"
EndProject
Project("{FAE04EC0-301F-11D3-BF4B-00C04F79EFBC}") = "StompNet.Examples", "StompNet.Examples\StompNet.Examples.csproj", "{84A7D6AB-D0C5-4A83-A205-35FE232F8547}"
EndProject
Project("{FAE04EC0-301F-11D3-BF4B-00C04F79EFBC}") = "StompNet.Tests", "StompNet.Tests\StompNet.Tests.csproj", "{546EC5FE-779D-4CFA-9679-091162FE0C6F}"
EndProject
Global
	GlobalSection(SolutionConfigurationPlatforms) = preSolution
		Debug|Any CPU = Debug|Any CPU
		Release|Any CPU = Release|Any CPU
	EndGlobalSection
	GlobalSection(ProjectConfigurationPlatforms) = postSolution
		{2BE5619B-B63B-4583-B434-371C925FE18C}.Debug|Any CPU.ActiveCfg = Debug|Any CPU
		{2BE5619B-B63B-4583-B434-371C925FE18C}.Debug|Any CPU.Build.0 = Debug|Any CPU
		{2BE5619B-B63B-4583-B434-371C925FE18C}.Release|Any CPU.ActiveCfg = Release|Any CPU
		{2BE5619B-B63B-4583-B434-371C925FE18C}.Release|Any CPU.Build.0 = Release|Any CPU
		{84A7D6AB-D0C5-4A83-A205-35FE232F8547}.Debug|Any CPU.ActiveCfg = Debug|Any CPU
		{84A7D6AB-D0C5-4A83-A205-35FE232F8547}.Debug|Any CPU.Build.0 = Debug|Any CPU
		{84A7D6AB-D0C5-4A83-A205-35FE232F8547}.Release|Any CPU.ActiveCfg = Release|Any CPU
		{84A7D6AB-D0C5-4A83-A205-35FE232F8547}.Release|Any CPU.Build.0 = Release|Any CPU
		{546EC5FE-779D-4CFA-9679-091162FE0C6F}.Debug|Any CPU.ActiveCfg = Debug|Any CPU
		{546EC5FE-779D-4CFA-9679-091162FE0C6F}.Debug|Any CPU.Build.0 = Debug|Any CPU
		{546EC5FE-779D-4CFA-9679-091162FE0C6F}.Release|Any CPU.ActiveCfg = Release|Any CPU
		{546EC5FE-779D-4CFA-9679-091162FE0C6F}.Release|Any CPU.Build.0 = Release|Any CPU
	EndGlobalSection
	GlobalSection(SolutionProperties) = preSolution
		HideSolutionNode = FALSE
	EndGlobalSection
EndGlobal
